
Microsoft Visual Studio Solution File, Format Version 12.00
# Visual Studio Version 17
VisualStudioVersion = 17.9.34310.174
MinimumVisualStudioVersion = 10.0.40219.1
Project("{9A19103F-16F7-4668-BE54-9A1E7A4F7556}") = "BravosMaquis.Web", "BravosMaquis.Web\BravosMaquis.Web.csproj", "{AAF8A144-089C-48DF-971D-A42FC16743F5}"
EndProject
Project("{9A19103F-16F7-4668-BE54-9A1E7A4F7556}") = "BravosMaquis.API", "BravosMaquis.API\BravosMaquis.API.csproj", "{E284038F-FF82-4951-9B4A-C922119EC3D3}"
EndProject
Project("{9A19103F-16F7-4668-BE54-9A1E7A4F7556}") = "BravosMaquis.Models", "BravosMaquis.Models\BravosMaquis.Models.csproj", "{4735CADD-6FD7-4B7E-A99B-E7BC644C2AB7}"
EndProject
Project("{9A19103F-16F7-4668-BE54-9A1E7A4F7556}") = "BravosMaquis.Admin", "BravosMaquis.Admin\BravosMaquis.Admin.csproj", "{918A6F22-35FE-44F2-8075-3755BD8EB795}"
EndProject
Project("{2150E333-8FDC-42A3-9474-1A3956D46DE8}") = "FrontEnd", "FrontEnd", "{DD9BD4EC-B3B3-46C2-9283-8382A4927D08}"
EndProject
Project("{2150E333-8FDC-42A3-9474-1A3956D46DE8}") = "BM.WebApi", "BM.WebApi", "{A8D265FA-51FA-4E45-9451-33CF249F6338}"
EndProject
Project("{2150E333-8FDC-42A3-9474-1A3956D46DE8}") = "BM.Manager", "BM.Manager", "{76D4E299-310E-49FC-A5BE-DE5AC62F7448}"
EndProject
Project("{2150E333-8FDC-42A3-9474-1A3956D46DE8}") = "BM.Data", "BM.Data", "{E2E501EF-16A8-4A5E-9FD8-25ECE903F434}"
EndProject
Project("{2150E333-8FDC-42A3-9474-1A3956D46DE8}") = "BM.Core", "BM.Core", "{D47EEEE0-EF9C-49CD-93DD-EEABD1A2B671}"
EndProject
Project("{9A19103F-16F7-4668-BE54-9A1E7A4F7556}") = "BM.Data", "BM.Data\BM.Data.csproj", "{F98B6DD7-71DC-41AB-8D68-1DD9B6B3E654}"
EndProject
Project("{9A19103F-16F7-4668-BE54-9A1E7A4F7556}") = "BM.Manager", "BM.Manager\BM.Manager.csproj", "{6C0960E7-74E0-4256-A2FC-053BD0F92255}"
EndProject
Project("{FAE04EC0-301F-11D3-BF4B-00C04F79EFBC}") = "BM.Core.Shared", "BM.Core.Shared\BM.Core.Shared.csproj", "{0C99AD9F-8472-45AF-83C5-520845CA9BE5}"
EndProject
Global
	GlobalSection(SolutionConfigurationPlatforms) = preSolution
		Debug|Any CPU = Debug|Any CPU
		Release|Any CPU = Release|Any CPU
	EndGlobalSection
	GlobalSection(ProjectConfigurationPlatforms) = postSolution
		{AAF8A144-089C-48DF-971D-A42FC16743F5}.Debug|Any CPU.ActiveCfg = Debug|Any CPU
		{AAF8A144-089C-48DF-971D-A42FC16743F5}.Debug|Any CPU.Build.0 = Debug|Any CPU
		{AAF8A144-089C-48DF-971D-A42FC16743F5}.Release|Any CPU.ActiveCfg = Release|Any CPU
		{AAF8A144-089C-48DF-971D-A42FC16743F5}.Release|Any CPU.Build.0 = Release|Any CPU
		{E284038F-FF82-4951-9B4A-C922119EC3D3}.Debug|Any CPU.ActiveCfg = Debug|Any CPU
		{E284038F-FF82-4951-9B4A-C922119EC3D3}.Debug|Any CPU.Build.0 = Debug|Any CPU
		{E284038F-FF82-4951-9B4A-C922119EC3D3}.Release|Any CPU.ActiveCfg = Release|Any CPU
		{E284038F-FF82-4951-9B4A-C922119EC3D3}.Release|Any CPU.Build.0 = Release|Any CPU
		{4735CADD-6FD7-4B7E-A99B-E7BC644C2AB7}.Debug|Any CPU.ActiveCfg = Debug|Any CPU
		{4735CADD-6FD7-4B7E-A99B-E7BC644C2AB7}.Debug|Any CPU.Build.0 = Debug|Any CPU
		{4735CADD-6FD7-4B7E-A99B-E7BC644C2AB7}.Release|Any CPU.ActiveCfg = Release|Any CPU
		{4735CADD-6FD7-4B7E-A99B-E7BC644C2AB7}.Release|Any CPU.Build.0 = Release|Any CPU
		{918A6F22-35FE-44F2-8075-3755BD8EB795}.Debug|Any CPU.ActiveCfg = Debug|Any CPU
		{918A6F22-35FE-44F2-8075-3755BD8EB795}.Debug|Any CPU.Build.0 = Debug|Any CPU
		{918A6F22-35FE-44F2-8075-3755BD8EB795}.Release|Any CPU.ActiveCfg = Release|Any CPU
		{918A6F22-35FE-44F2-8075-3755BD8EB795}.Release|Any CPU.Build.0 = Release|Any CPU
		{F98B6DD7-71DC-41AB-8D68-1DD9B6B3E654}.Debug|Any CPU.ActiveCfg = Debug|Any CPU
		{F98B6DD7-71DC-41AB-8D68-1DD9B6B3E654}.Debug|Any CPU.Build.0 = Debug|Any CPU
		{F98B6DD7-71DC-41AB-8D68-1DD9B6B3E654}.Release|Any CPU.ActiveCfg = Release|Any CPU
		{F98B6DD7-71DC-41AB-8D68-1DD9B6B3E654}.Release|Any CPU.Build.0 = Release|Any CPU
		{6C0960E7-74E0-4256-A2FC-053BD0F92255}.Debug|Any CPU.ActiveCfg = Debug|Any CPU
		{6C0960E7-74E0-4256-A2FC-053BD0F92255}.Debug|Any CPU.Build.0 = Debug|Any CPU
		{6C0960E7-74E0-4256-A2FC-053BD0F92255}.Release|Any CPU.ActiveCfg = Release|Any CPU
		{6C0960E7-74E0-4256-A2FC-053BD0F92255}.Release|Any CPU.Build.0 = Release|Any CPU
		{0C99AD9F-8472-45AF-83C5-520845CA9BE5}.Debug|Any CPU.ActiveCfg = Debug|Any CPU
		{0C99AD9F-8472-45AF-83C5-520845CA9BE5}.Debug|Any CPU.Build.0 = Debug|Any CPU
		{0C99AD9F-8472-45AF-83C5-520845CA9BE5}.Release|Any CPU.ActiveCfg = Release|Any CPU
		{0C99AD9F-8472-45AF-83C5-520845CA9BE5}.Release|Any CPU.Build.0 = Release|Any CPU
	EndGlobalSection
	GlobalSection(SolutionProperties) = preSolution
		HideSolutionNode = FALSE
	EndGlobalSection
	GlobalSection(NestedProjects) = preSolution
		{AAF8A144-089C-48DF-971D-A42FC16743F5} = {DD9BD4EC-B3B3-46C2-9283-8382A4927D08}
		{E284038F-FF82-4951-9B4A-C922119EC3D3} = {A8D265FA-51FA-4E45-9451-33CF249F6338}
		{4735CADD-6FD7-4B7E-A99B-E7BC644C2AB7} = {D47EEEE0-EF9C-49CD-93DD-EEABD1A2B671}
		{918A6F22-35FE-44F2-8075-3755BD8EB795} = {DD9BD4EC-B3B3-46C2-9283-8382A4927D08}
		{F98B6DD7-71DC-41AB-8D68-1DD9B6B3E654} = {E2E501EF-16A8-4A5E-9FD8-25ECE903F434}
		{6C0960E7-74E0-4256-A2FC-053BD0F92255} = {76D4E299-310E-49FC-A5BE-DE5AC62F7448}
		{0C99AD9F-8472-45AF-83C5-520845CA9BE5} = {D47EEEE0-EF9C-49CD-93DD-EEABD1A2B671}
	EndGlobalSection
	GlobalSection(ExtensibilityGlobals) = postSolution
		SolutionGuid = {96E4DF7B-3298-4DC3-8B2C-2B5416FC5397}
	EndGlobalSection
EndGlobal
